
Microsoft Visual Studio Solution File, Format Version 12.00
# Visual Studio Version 17
VisualStudioVersion = 17.0.31903.59
MinimumVisualStudioVersion = 10.0.40219.1
Project("{FAE04EC0-301F-11D3-BF4B-00C04F79EFBC}") = "DemoPulse", "DemoPulse.csproj", "{2AF297CF-9633-487F-AE9A-AA6083CCF140}"
EndProject
Project("{FAE04EC0-301F-11D3-BF4B-00C04F79EFBC}") = "DemoPulse.Tests", "DemoPulse.Tests\DemoPulse.Tests.csproj", "{D5EBDABD-1913-4ABC-8143-7DD452AE4D7A}"
EndProject
Global
	GlobalSection(SolutionConfigurationPlatforms) = preSolution
		Debug|Any CPU = Debug|Any CPU
		Release|Any CPU = Release|Any CPU
	EndGlobalSection
	GlobalSection(SolutionProperties) = preSolution
		HideSolutionNode = FALSE
	EndGlobalSection
	GlobalSection(ProjectConfigurationPlatforms) = postSolution
		{2AF297CF-9633-487F-AE9A-AA6083CCF140}.Debug|Any CPU.ActiveCfg = Debug|Any CPU
		{2AF297CF-9633-487F-AE9A-AA6083CCF140}.Debug|Any CPU.Build.0 = Debug|Any CPU
		{2AF297CF-9633-487F-AE9A-AA6083CCF140}.Release|Any CPU.ActiveCfg = Release|Any CPU
		{2AF297CF-9633-487F-AE9A-AA6083CCF140}.Release|Any CPU.Build.0 = Release|Any CPU
		{D5EBDABD-1913-4ABC-8143-7DD452AE4D7A}.Debug|Any CPU.ActiveCfg = Debug|Any CPU
		{D5EBDABD-1913-4ABC-8143-7DD452AE4D7A}.Debug|Any CPU.Build.0 = Debug|Any CPU
		{D5EBDABD-1913-4ABC-8143-7DD452AE4D7A}.Release|Any CPU.ActiveCfg = Release|Any CPU
		{D5EBDABD-1913-4ABC-8143-7DD452AE4D7A}.Release|Any CPU.Build.0 = Release|Any CPU
	EndGlobalSection
EndGlobal
